
Microsoft Visual Studio Solution File, Format Version 12.00
# Visual Studio 15
VisualStudioVersion = 15.0.27703.2035
MinimumVisualStudioVersion = 10.0.40219.1
Project("{FAE04EC0-301F-11D3-BF4B-00C04F79EFBC}") = "OnlineUsers", "OnlineUsers\OnlineUsers.csproj", "{271163CD-6522-4C2D-8500-9820B4C827DC}"
EndProject
Global
	GlobalSection(SolutionConfigurationPlatforms) = preSolution
		Debug|Any CPU = Debug|Any CPU
		Release|Any CPU = Release|Any CPU
	EndGlobalSection
	GlobalSection(ProjectConfigurationPlatforms) = postSolution
		{271163CD-6522-4C2D-8500-9820B4C827DC}.Debug|Any CPU.ActiveCfg = Debug|Any CPU
		{271163CD-6522-4C2D-8500-9820B4C827DC}.Debug|Any CPU.Build.0 = Debug|Any CPU
		{271163CD-6522-4C2D-8500-9820B4C827DC}.Release|Any CPU.ActiveCfg = Release|Any CPU
		{271163CD-6522-4C2D-8500-9820B4C827DC}.Release|Any CPU.Build.0 = Release|Any CPU
	EndGlobalSection
	GlobalSection(SolutionProperties) = preSolution
		HideSolutionNode = FALSE
	EndGlobalSection
	GlobalSection(ExtensibilityGlobals) = postSolution
		SolutionGuid = {84873F0E-31FF-41FC-A70D-4A2189523D35}
	EndGlobalSection
EndGlobal
